
Microsoft Visual Studio Solution File, Format Version 12.00
# Visual Studio Version 17
VisualStudioVersion = 17.11.35222.181
MinimumVisualStudioVersion = 10.0.40219.1
Project("{FAE04EC0-301F-11D3-BF4B-00C04F79EFBC}") = "WpfApp6", "WpfApp6\WpfApp6.csproj", "{7A99196C-573D-438F-A117-8AC6E1874457}"
EndProject
Global
	GlobalSection(SolutionConfigurationPlatforms) = preSolution
		Debug|Any CPU = Debug|Any CPU
		Release|Any CPU = Release|Any CPU
	EndGlobalSection
	GlobalSection(ProjectConfigurationPlatforms) = postSolution
		{7A99196C-573D-438F-A117-8AC6E1874457}.Debug|Any CPU.ActiveCfg = Debug|Any CPU
		{7A99196C-573D-438F-A117-8AC6E1874457}.Debug|Any CPU.Build.0 = Debug|Any CPU
		{7A99196C-573D-438F-A117-8AC6E1874457}.Release|Any CPU.ActiveCfg = Release|Any CPU
		{7A99196C-573D-438F-A117-8AC6E1874457}.Release|Any CPU.Build.0 = Release|Any CPU
	EndGlobalSection
	GlobalSection(SolutionProperties) = preSolution
		HideSolutionNode = FALSE
	EndGlobalSection
	GlobalSection(ExtensibilityGlobals) = postSolution
		SolutionGuid = {1384201A-922B-4F9B-814F-BD5C4C6528CF}
	EndGlobalSection
EndGlobal
